
Microsoft Visual Studio Solution File, Format Version 12.00
# Visual Studio 15
VisualStudioVersion = 15.0.27428.1
MinimumVisualStudioVersion = 10.0.40219.1
Project("{FAE04EC0-301F-11D3-BF4B-00C04F79EFBC}") = "Kingston", "Kingston\Kingston.csproj", "{662346F8-1467-4091-84B5-1AC61C4DA3D7}"
EndProject
Global
	GlobalSection(SolutionConfigurationPlatforms) = preSolution
		Debug|Any CPU = Debug|Any CPU
		Release|Any CPU = Release|Any CPU
	EndGlobalSection
	GlobalSection(ProjectConfigurationPlatforms) = postSolution
		{662346F8-1467-4091-84B5-1AC61C4DA3D7}.Debug|Any CPU.ActiveCfg = Debug|Any CPU
		{662346F8-1467-4091-84B5-1AC61C4DA3D7}.Debug|Any CPU.Build.0 = Debug|Any CPU
		{662346F8-1467-4091-84B5-1AC61C4DA3D7}.Release|Any CPU.ActiveCfg = Release|Any CPU
		{662346F8-1467-4091-84B5-1AC61C4DA3D7}.Release|Any CPU.Build.0 = Release|Any CPU
	EndGlobalSection
	GlobalSection(SolutionProperties) = preSolution
		HideSolutionNode = FALSE
	EndGlobalSection
	GlobalSection(ExtensibilityGlobals) = postSolution
		SolutionGuid = {C991354D-2716-4572-A9F7-03967ACE3010}
	EndGlobalSection
EndGlobal
